
Microsoft Visual Studio Solution File, Format Version 11.00
# Visual C# Express 2010
Project("{FAE04EC0-301F-11D3-BF4B-00C04F79EFBC}") = "SegregateNumbersInArray", "SegregateNumbersInArray\SegregateNumbersInArray.csproj", "{C595361C-6C4B-4D4D-B393-FFABFE5C6C8F}"
EndProject
Global
	GlobalSection(SolutionConfigurationPlatforms) = preSolution
		Debug|x86 = Debug|x86
		Release|x86 = Release|x86
	EndGlobalSection
	GlobalSection(ProjectConfigurationPlatforms) = postSolution
		{C595361C-6C4B-4D4D-B393-FFABFE5C6C8F}.Debug|x86.ActiveCfg = Debug|x86
		{C595361C-6C4B-4D4D-B393-FFABFE5C6C8F}.Debug|x86.Build.0 = Debug|x86
		{C595361C-6C4B-4D4D-B393-FFABFE5C6C8F}.Release|x86.ActiveCfg = Release|x86
		{C595361C-6C4B-4D4D-B393-FFABFE5C6C8F}.Release|x86.Build.0 = Release|x86
	EndGlobalSection
	GlobalSection(SolutionProperties) = preSolution
		HideSolutionNode = FALSE
	EndGlobalSection
EndGlobal
