
Microsoft Visual Studio Solution File, Format Version 11.00
# Visual C# Express 2010
Project("{FAE04EC0-301F-11D3-BF4B-00C04F79EFBC}") = "StringsK", "StringsK\StringsK.csproj", "{70C94A41-F19A-430B-916E-8D0817A75287}"
EndProject
Global
	GlobalSection(SolutionConfigurationPlatforms) = preSolution
		Debug|x86 = Debug|x86
		Release|x86 = Release|x86
	EndGlobalSection
	GlobalSection(ProjectConfigurationPlatforms) = postSolution
		{70C94A41-F19A-430B-916E-8D0817A75287}.Debug|x86.ActiveCfg = Debug|x86
		{70C94A41-F19A-430B-916E-8D0817A75287}.Debug|x86.Build.0 = Debug|x86
		{70C94A41-F19A-430B-916E-8D0817A75287}.Release|x86.ActiveCfg = Release|x86
		{70C94A41-F19A-430B-916E-8D0817A75287}.Release|x86.Build.0 = Release|x86
	EndGlobalSection
	GlobalSection(SolutionProperties) = preSolution
		HideSolutionNode = FALSE
	EndGlobalSection
EndGlobal
