
Microsoft Visual Studio Solution File, Format Version 11.00
# Visual C# Express 2010
Project("{FAE04EC0-301F-11D3-BF4B-00C04F79EFBC}") = "isArraySorted", "isArraySorted\isArraySorted.csproj", "{D771A8D8-6FEE-4B3E-AA98-64D430B07FEA}"
EndProject
Global
	GlobalSection(SolutionConfigurationPlatforms) = preSolution
		Debug|x86 = Debug|x86
		Release|x86 = Release|x86
	EndGlobalSection
	GlobalSection(ProjectConfigurationPlatforms) = postSolution
		{D771A8D8-6FEE-4B3E-AA98-64D430B07FEA}.Debug|x86.ActiveCfg = Debug|x86
		{D771A8D8-6FEE-4B3E-AA98-64D430B07FEA}.Debug|x86.Build.0 = Debug|x86
		{D771A8D8-6FEE-4B3E-AA98-64D430B07FEA}.Release|x86.ActiveCfg = Release|x86
		{D771A8D8-6FEE-4B3E-AA98-64D430B07FEA}.Release|x86.Build.0 = Release|x86
	EndGlobalSection
	GlobalSection(SolutionProperties) = preSolution
		HideSolutionNode = FALSE
	EndGlobalSection
EndGlobal
