
Microsoft Visual Studio Solution File, Format Version 11.00
# Visual C# Express 2010
Project("{FAE04EC0-301F-11D3-BF4B-00C04F79EFBC}") = "Lists", "Lists\Lists.csproj", "{741990FD-1660-4581-A885-60FC008D981E}"
EndProject
Global
	GlobalSection(SolutionConfigurationPlatforms) = preSolution
		Debug|x86 = Debug|x86
		Release|x86 = Release|x86
	EndGlobalSection
	GlobalSection(ProjectConfigurationPlatforms) = postSolution
		{741990FD-1660-4581-A885-60FC008D981E}.Debug|x86.ActiveCfg = Debug|x86
		{741990FD-1660-4581-A885-60FC008D981E}.Debug|x86.Build.0 = Debug|x86
		{741990FD-1660-4581-A885-60FC008D981E}.Release|x86.ActiveCfg = Release|x86
		{741990FD-1660-4581-A885-60FC008D981E}.Release|x86.Build.0 = Release|x86
	EndGlobalSection
	GlobalSection(SolutionProperties) = preSolution
		HideSolutionNode = FALSE
	EndGlobalSection
EndGlobal
