
Microsoft Visual Studio Solution File, Format Version 11.00
# Visual C# Express 2010
Project("{FAE04EC0-301F-11D3-BF4B-00C04F79EFBC}") = "BitManipulation", "BitManipulation\BitManipulation.csproj", "{00B7C78C-F689-4270-8392-B6C7ED65D52A}"
EndProject
Global
	GlobalSection(SolutionConfigurationPlatforms) = preSolution
		Debug|x86 = Debug|x86
		Release|x86 = Release|x86
	EndGlobalSection
	GlobalSection(ProjectConfigurationPlatforms) = postSolution
		{00B7C78C-F689-4270-8392-B6C7ED65D52A}.Debug|x86.ActiveCfg = Debug|x86
		{00B7C78C-F689-4270-8392-B6C7ED65D52A}.Debug|x86.Build.0 = Debug|x86
		{00B7C78C-F689-4270-8392-B6C7ED65D52A}.Release|x86.ActiveCfg = Release|x86
		{00B7C78C-F689-4270-8392-B6C7ED65D52A}.Release|x86.Build.0 = Release|x86
	EndGlobalSection
	GlobalSection(SolutionProperties) = preSolution
		HideSolutionNode = FALSE
	EndGlobalSection
EndGlobal
