
Microsoft Visual Studio Solution File, Format Version 12.00
# Visual Studio Express 2012 for Windows Desktop
Project("{FAE04EC0-301F-11D3-BF4B-00C04F79EFBC}") = "WhoWinsTheElection1", "WhoWinsTheElection1\WhoWinsTheElection1.csproj", "{0ECAC681-FDB5-4DF4-B4B1-90CB0CCD160D}"
EndProject
Global
	GlobalSection(SolutionConfigurationPlatforms) = preSolution
		Debug|Any CPU = Debug|Any CPU
		Release|Any CPU = Release|Any CPU
	EndGlobalSection
	GlobalSection(ProjectConfigurationPlatforms) = postSolution
		{0ECAC681-FDB5-4DF4-B4B1-90CB0CCD160D}.Debug|Any CPU.ActiveCfg = Debug|Any CPU
		{0ECAC681-FDB5-4DF4-B4B1-90CB0CCD160D}.Debug|Any CPU.Build.0 = Debug|Any CPU
		{0ECAC681-FDB5-4DF4-B4B1-90CB0CCD160D}.Release|Any CPU.ActiveCfg = Release|Any CPU
		{0ECAC681-FDB5-4DF4-B4B1-90CB0CCD160D}.Release|Any CPU.Build.0 = Release|Any CPU
	EndGlobalSection
	GlobalSection(SolutionProperties) = preSolution
		HideSolutionNode = FALSE
	EndGlobalSection
EndGlobal
